// !$*UTF8*$!
{
	archiveVersion = 1;
	classes = {
	};
	objectVersion = 55;
	objects = {

/* Begin PBXBuildFile section */
		74522C682918F98D00A3A14D /* ShowNotesView.swift in Sources */ = {isa = PBXBuildFile; fileRef = 74522C672918F98D00A3A14D /* ShowNotesView.swift */; };
		74522C6C2918FABE00A3A14D /* NoteCell.swift in Sources */ = {isa = PBXBuildFile; fileRef = 74522C6A2918FABE00A3A14D /* NoteCell.swift */; };
		74522C6D2918FABE00A3A14D /* NoteCell.xib in Resources */ = {isa = PBXBuildFile; fileRef = 74522C6B2918FABE00A3A14D /* NoteCell.xib */; };
		74522C6F2918FC0200A3A14D /* NoteModel.swift in Sources */ = {isa = PBXBuildFile; fileRef = 74522C6E2918FC0200A3A14D /* NoteModel.swift */; };
		74522C712918FD0A00A3A14D /* ShowNotesViewController.swift in Sources */ = {isa = PBXBuildFile; fileRef = 74522C702918FD0A00A3A14D /* ShowNotesViewController.swift */; };
		74522C74291904A600A3A14D /* UserDefaultsManager.swift in Sources */ = {isa = PBXBuildFile; fileRef = 74522C73291904A600A3A14D /* UserDefaultsManager.swift */; };
		74522C77291906A500A3A14D /* ShowNotesViewModel.swift in Sources */ = {isa = PBXBuildFile; fileRef = 74522C76291906A500A3A14D /* ShowNotesViewModel.swift */; };
		745C03C429BAF56400B8E2A7 /* AVCaptureFailureReason.swift in Sources */ = {isa = PBXBuildFile; fileRef = 745C03C329BAF56400B8E2A7 /* AVCaptureFailureReason.swift */; };
		745C03D929BF06BF00B8E2A7 /* NotAllowCameraView.swift in Sources */ = {isa = PBXBuildFile; fileRef = 745C03D829BF06BF00B8E2A7 /* NotAllowCameraView.swift */; };
		745C03DB29BF292800B8E2A7 /* CIImage+Extension.swift in Sources */ = {isa = PBXBuildFile; fileRef = 745C03DA29BF292800B8E2A7 /* CIImage+Extension.swift */; };
		746AC68D2992BF6100EA8F50 /* AVCaptureManager.swift in Sources */ = {isa = PBXBuildFile; fileRef = 746AC68C2992BF6100EA8F50 /* AVCaptureManager.swift */; };
		746E95722918AA8400C48EC0 /* AppDelegate.swift in Sources */ = {isa = PBXBuildFile; fileRef = 746E95712918AA8400C48EC0 /* AppDelegate.swift */; };
		746E95742918AA8400C48EC0 /* SceneDelegate.swift in Sources */ = {isa = PBXBuildFile; fileRef = 746E95732918AA8400C48EC0 /* SceneDelegate.swift */; };
		746E95792918AA8400C48EC0 /* Main.storyboard in Resources */ = {isa = PBXBuildFile; fileRef = 746E95772918AA8400C48EC0 /* Main.storyboard */; };
		746E957B2918AA8600C48EC0 /* Assets.xcassets in Resources */ = {isa = PBXBuildFile; fileRef = 746E957A2918AA8600C48EC0 /* Assets.xcassets */; };
		746E957E2918AA8600C48EC0 /* LaunchScreen.storyboard in Resources */ = {isa = PBXBuildFile; fileRef = 746E957C2918AA8600C48EC0 /* LaunchScreen.storyboard */; };
		746E958B2918D55C00C48EC0 /* HomeView.swift in Sources */ = {isa = PBXBuildFile; fileRef = 746E958A2918D55C00C48EC0 /* HomeView.swift */; };
		746E958E2918D72300C48EC0 /* UIColor+Extension.swift in Sources */ = {isa = PBXBuildFile; fileRef = 746E958D2918D72300C48EC0 /* UIColor+Extension.swift */; };
		746E95902918DB9800C48EC0 /* HomeViewController.swift in Sources */ = {isa = PBXBuildFile; fileRef = 746E958F2918DB9800C48EC0 /* HomeViewController.swift */; };
		746E95922918E06E00C48EC0 /* AddNoteView.swift in Sources */ = {isa = PBXBuildFile; fileRef = 746E95912918E06E00C48EC0 /* AddNoteView.swift */; };
		746E95942918ED3300C48EC0 /* AddNoteViewController.swift in Sources */ = {isa = PBXBuildFile; fileRef = 746E95932918ED3300C48EC0 /* AddNoteViewController.swift */; };
		74D1E4B429C969ED004C6275 /* ASLHandPoseClassifier.mlmodel in Sources */ = {isa = PBXBuildFile; fileRef = 74D1E4B329C969ED004C6275 /* ASLHandPoseClassifier.mlmodel */; };
/* End PBXBuildFile section */

/* Begin PBXFileReference section */
		74522C672918F98D00A3A14D /* ShowNotesView.swift */ = {isa = PBXFileReference; lastKnownFileType = sourcecode.swift; path = ShowNotesView.swift; sourceTree = "<group>"; };
		74522C6A2918FABE00A3A14D /* NoteCell.swift */ = {isa = PBXFileReference; lastKnownFileType = sourcecode.swift; path = NoteCell.swift; sourceTree = "<group>"; };
		74522C6B2918FABE00A3A14D /* NoteCell.xib */ = {isa = PBXFileReference; lastKnownFileType = file.xib; path = NoteCell.xib; sourceTree = "<group>"; };
		74522C6E2918FC0200A3A14D /* NoteModel.swift */ = {isa = PBXFileReference; lastKnownFileType = sourcecode.swift; path = NoteModel.swift; sourceTree = "<group>"; };
		74522C702918FD0A00A3A14D /* ShowNotesViewController.swift */ = {isa = PBXFileReference; lastKnownFileType = sourcecode.swift; path = ShowNotesViewController.swift; sourceTree = "<group>"; };
		74522C73291904A600A3A14D /* UserDefaultsManager.swift */ = {isa = PBXFileReference; lastKnownFileType = sourcecode.swift; path = UserDefaultsManager.swift; sourceTree = "<group>"; };
		74522C76291906A500A3A14D /* ShowNotesViewModel.swift */ = {isa = PBXFileReference; lastKnownFileType = sourcecode.swift; path = ShowNotesViewModel.swift; sourceTree = "<group>"; };
		745C03C329BAF56400B8E2A7 /* AVCaptureFailureReason.swift */ = {isa = PBXFileReference; lastKnownFileType = sourcecode.swift; path = AVCaptureFailureReason.swift; sourceTree = "<group>"; };
		745C03D829BF06BF00B8E2A7 /* NotAllowCameraView.swift */ = {isa = PBXFileReference; lastKnownFileType = sourcecode.swift; path = NotAllowCameraView.swift; sourceTree = "<group>"; };
		745C03DA29BF292800B8E2A7 /* CIImage+Extension.swift */ = {isa = PBXFileReference; lastKnownFileType = sourcecode.swift; path = "CIImage+Extension.swift"; sourceTree = "<group>"; };
		746AC68C2992BF6100EA8F50 /* AVCaptureManager.swift */ = {isa = PBXFileReference; lastKnownFileType = sourcecode.swift; path = AVCaptureManager.swift; sourceTree = "<group>"; };
		746E956E2918AA8400C48EC0 /* Sign-Language-Note.app */ = {isa = PBXFileReference; explicitFileType = wrapper.application; includeInIndex = 0; path = "Sign-Language-Note.app"; sourceTree = BUILT_PRODUCTS_DIR; };
		746E95712918AA8400C48EC0 /* AppDelegate.swift */ = {isa = PBXFileReference; lastKnownFileType = sourcecode.swift; path = AppDelegate.swift; sourceTree = "<group>"; };
		746E95732918AA8400C48EC0 /* SceneDelegate.swift */ = {isa = PBXFileReference; lastKnownFileType = sourcecode.swift; path = SceneDelegate.swift; sourceTree = "<group>"; };
		746E95782918AA8400C48EC0 /* Base */ = {isa = PBXFileReference; lastKnownFileType = file.storyboard; name = Base; path = Base.lproj/Main.storyboard; sourceTree = "<group>"; };
		746E957A2918AA8600C48EC0 /* Assets.xcassets */ = {isa = PBXFileReference; lastKnownFileType = folder.assetcatalog; path = Assets.xcassets; sourceTree = "<group>"; };
		746E957D2918AA8600C48EC0 /* Base */ = {isa = PBXFileReference; lastKnownFileType = file.storyboard; name = Base; path = Base.lproj/LaunchScreen.storyboard; sourceTree = "<group>"; };
		746E957F2918AA8600C48EC0 /* Info.plist */ = {isa = PBXFileReference; lastKnownFileType = text.plist.xml; path = Info.plist; sourceTree = "<group>"; };
		746E958A2918D55C00C48EC0 /* HomeView.swift */ = {isa = PBXFileReference; lastKnownFileType = sourcecode.swift; path = HomeView.swift; sourceTree = "<group>"; };
		746E958D2918D72300C48EC0 /* UIColor+Extension.swift */ = {isa = PBXFileReference; lastKnownFileType = sourcecode.swift; path = "UIColor+Extension.swift"; sourceTree = "<group>"; };
		746E958F2918DB9800C48EC0 /* HomeViewController.swift */ = {isa = PBXFileReference; lastKnownFileType = sourcecode.swift; path = HomeViewController.swift; sourceTree = "<group>"; };
		746E95912918E06E00C48EC0 /* AddNoteView.swift */ = {isa = PBXFileReference; lastKnownFileType = sourcecode.swift; path = AddNoteView.swift; sourceTree = "<group>"; };
		746E95932918ED3300C48EC0 /* AddNoteViewController.swift */ = {isa = PBXFileReference; lastKnownFileType = sourcecode.swift; path = AddNoteViewController.swift; sourceTree = "<group>"; };
		74D1E4B329C969ED004C6275 /* ASLHandPoseClassifier.mlmodel */ = {isa = PBXFileReference; lastKnownFileType = file.mlmodel; path = ASLHandPoseClassifier.mlmodel; sourceTree = "<group>"; };
/* End PBXFileReference section */

/* Begin PBXFrameworksBuildPhase section */
		746E956B2918AA8400C48EC0 /* Frameworks */ = {
			isa = PBXFrameworksBuildPhase;
			buildActionMask = 2147483647;
			files = (
			);
			runOnlyForDeploymentPostprocessing = 0;
		};
/* End PBXFrameworksBuildPhase section */

/* Begin PBXGroup section */
		743948A32991104400346268 /* Utilities */ = {
			isa = PBXGroup;
			children = (
				746AC68C2992BF6100EA8F50 /* AVCaptureManager.swift */,
			);
			path = Utilities;
			sourceTree = "<group>";
		};
		74522C692918FA9E00A3A14D /* NotesTableView */ = {
			isa = PBXGroup;
			children = (
				74522C6A2918FABE00A3A14D /* NoteCell.swift */,
				74522C6B2918FABE00A3A14D /* NoteCell.xib */,
			);
			path = NotesTableView;
			sourceTree = "<group>";
		};
		74522C722919049100A3A14D /* UserDefaultsManager */ = {
			isa = PBXGroup;
			children = (
				74522C73291904A600A3A14D /* UserDefaultsManager.swift */,
			);
			path = UserDefaultsManager;
			sourceTree = "<group>";
		};
		74522C752919068E00A3A14D /* ViewModels */ = {
			isa = PBXGroup;
			children = (
				74522C76291906A500A3A14D /* ShowNotesViewModel.swift */,
			);
			path = ViewModels;
			sourceTree = "<group>";
		};
		745C03C229BAF52A00B8E2A7 /* Entries */ = {
			isa = PBXGroup;
			children = (
				745C03C329BAF56400B8E2A7 /* AVCaptureFailureReason.swift */,
			);
			path = Entries;
			sourceTree = "<group>";
		};
		746E95652918AA8400C48EC0 = {
			isa = PBXGroup;
			children = (
				746E95702918AA8400C48EC0 /* Sign-Language-Note */,
				746E956F2918AA8400C48EC0 /* Products */,
			);
			sourceTree = "<group>";
		};
		746E956F2918AA8400C48EC0 /* Products */ = {
			isa = PBXGroup;
			children = (
				746E956E2918AA8400C48EC0 /* Sign-Language-Note.app */,
			);
			name = Products;
			sourceTree = "<group>";
		};
		746E95702918AA8400C48EC0 /* Sign-Language-Note */ = {
			isa = PBXGroup;
			children = (
				746E957F2918AA8600C48EC0 /* Info.plist */,
				746E95862918D11D00C48EC0 /* Sources */,
				746E95852918D11600C48EC0 /* Resources */,
			);
			path = "Sign-Language-Note";
			sourceTree = "<group>";
		};
		746E95852918D11600C48EC0 /* Resources */ = {
			isa = PBXGroup;
			children = (
				746E95772918AA8400C48EC0 /* Main.storyboard */,
				746E957C2918AA8600C48EC0 /* LaunchScreen.storyboard */,
				746E957A2918AA8600C48EC0 /* Assets.xcassets */,
				74D1E4B329C969ED004C6275 /* ASLHandPoseClassifier.mlmodel */,
			);
			path = Resources;
			sourceTree = "<group>";
		};
		746E95862918D11D00C48EC0 /* Sources */ = {
			isa = PBXGroup;
			children = (
				745C03C229BAF52A00B8E2A7 /* Entries */,
				746E95712918AA8400C48EC0 /* AppDelegate.swift */,
				746E95732918AA8400C48EC0 /* SceneDelegate.swift */,
				743948A32991104400346268 /* Utilities */,
				74522C722919049100A3A14D /* UserDefaultsManager */,
				746E958C2918D71300C48EC0 /* Extensions */,
				746E95892918D34F00C48EC0 /* Models */,
				746E95882918D34800C48EC0 /* ViewControllers */,
				746E95872918D34100C48EC0 /* Views */,
				74522C752919068E00A3A14D /* ViewModels */,
			);
			path = Sources;
			sourceTree = "<group>";
		};
		746E95872918D34100C48EC0 /* Views */ = {
			isa = PBXGroup;
			children = (
				74522C692918FA9E00A3A14D /* NotesTableView */,
				746E958A2918D55C00C48EC0 /* HomeView.swift */,
				746E95912918E06E00C48EC0 /* AddNoteView.swift */,
				74522C672918F98D00A3A14D /* ShowNotesView.swift */,
				745C03D829BF06BF00B8E2A7 /* NotAllowCameraView.swift */,
			);
			path = Views;
			sourceTree = "<group>";
		};
		746E95882918D34800C48EC0 /* ViewControllers */ = {
			isa = PBXGroup;
			children = (
				746E958F2918DB9800C48EC0 /* HomeViewController.swift */,
				746E95932918ED3300C48EC0 /* AddNoteViewController.swift */,
				74522C702918FD0A00A3A14D /* ShowNotesViewController.swift */,
			);
			path = ViewControllers;
			sourceTree = "<group>";
		};
		746E95892918D34F00C48EC0 /* Models */ = {
			isa = PBXGroup;
			children = (
				74522C6E2918FC0200A3A14D /* NoteModel.swift */,
			);
			path = Models;
			sourceTree = "<group>";
		};
		746E958C2918D71300C48EC0 /* Extensions */ = {
			isa = PBXGroup;
			children = (
				746E958D2918D72300C48EC0 /* UIColor+Extension.swift */,
				745C03DA29BF292800B8E2A7 /* CIImage+Extension.swift */,
			);
			path = Extensions;
			sourceTree = "<group>";
		};
/* End PBXGroup section */

/* Begin PBXNativeTarget section */
		746E956D2918AA8400C48EC0 /* Sign-Language-Note */ = {
			isa = PBXNativeTarget;
			buildConfigurationList = 746E95822918AA8600C48EC0 /* Build configuration list for PBXNativeTarget "Sign-Language-Note" */;
			buildPhases = (
				746E956A2918AA8400C48EC0 /* Sources */,
				746E956B2918AA8400C48EC0 /* Frameworks */,
				746E956C2918AA8400C48EC0 /* Resources */,
			);
			buildRules = (
			);
			dependencies = (
			);
			name = "Sign-Language-Note";
			productName = "Sign-Language-Note";
			productReference = 746E956E2918AA8400C48EC0 /* Sign-Language-Note.app */;
			productType = "com.apple.product-type.application";
		};
/* End PBXNativeTarget section */

/* Begin PBXProject section */
		746E95662918AA8400C48EC0 /* Project object */ = {
			isa = PBXProject;
			attributes = {
				BuildIndependentTargetsInParallel = 1;
				LastSwiftUpdateCheck = 1340;
				LastUpgradeCheck = 1340;
				TargetAttributes = {
					746E956D2918AA8400C48EC0 = {
						CreatedOnToolsVersion = 13.4.1;
					};
				};
			};
			buildConfigurationList = 746E95692918AA8400C48EC0 /* Build configuration list for PBXProject "Sign-Language-Note" */;
			compatibilityVersion = "Xcode 13.0";
			developmentRegion = en;
			hasScannedForEncodings = 0;
			knownRegions = (
				en,
				Base,
			);
			mainGroup = 746E95652918AA8400C48EC0;
			productRefGroup = 746E956F2918AA8400C48EC0 /* Products */;
			projectDirPath = "";
			projectRoot = "";
			targets = (
				746E956D2918AA8400C48EC0 /* Sign-Language-Note */,
			);
		};
/* End PBXProject section */

/* Begin PBXResourcesBuildPhase section */
		746E956C2918AA8400C48EC0 /* Resources */ = {
			isa = PBXResourcesBuildPhase;
			buildActionMask = 2147483647;
			files = (
				746E957E2918AA8600C48EC0 /* LaunchScreen.storyboard in Resources */,
				746E957B2918AA8600C48EC0 /* Assets.xcassets in Resources */,
				746E95792918AA8400C48EC0 /* Main.storyboard in Resources */,
				74522C6D2918FABE00A3A14D /* NoteCell.xib in Resources */,
			);
			runOnlyForDeploymentPostprocessing = 0;
		};
/* End PBXResourcesBuildPhase section */

/* Begin PBXSourcesBuildPhase section */
		746E956A2918AA8400C48EC0 /* Sources */ = {
			isa = PBXSourcesBuildPhase;
			buildActionMask = 2147483647;
			files = (
				746E95942918ED3300C48EC0 /* AddNoteViewController.swift in Sources */,
				74522C77291906A500A3A14D /* ShowNotesViewModel.swift in Sources */,
				746E95922918E06E00C48EC0 /* AddNoteView.swift in Sources */,
				74522C74291904A600A3A14D /* UserDefaultsManager.swift in Sources */,
				746E958B2918D55C00C48EC0 /* HomeView.swift in Sources */,
				74522C682918F98D00A3A14D /* ShowNotesView.swift in Sources */,
				74D1E4B429C969ED004C6275 /* ASLHandPoseClassifier.mlmodel in Sources */,
				745C03D929BF06BF00B8E2A7 /* NotAllowCameraView.swift in Sources */,
				746AC68D2992BF6100EA8F50 /* AVCaptureManager.swift in Sources */,
				746E95722918AA8400C48EC0 /* AppDelegate.swift in Sources */,
				745C03DB29BF292800B8E2A7 /* CIImage+Extension.swift in Sources */,
				74522C6F2918FC0200A3A14D /* NoteModel.swift in Sources */,
				745C03C429BAF56400B8E2A7 /* AVCaptureFailureReason.swift in Sources */,
				746E95742918AA8400C48EC0 /* SceneDelegate.swift in Sources */,
				74522C712918FD0A00A3A14D /* ShowNotesViewController.swift in Sources */,
				74522C6C2918FABE00A3A14D /* NoteCell.swift in Sources */,
				746E958E2918D72300C48EC0 /* UIColor+Extension.swift in Sources */,
				746E95902918DB9800C48EC0 /* HomeViewController.swift in Sources */,
			);
			runOnlyForDeploymentPostprocessing = 0;
		};
/* End PBXSourcesBuildPhase section */

/* Begin PBXVariantGroup section */
		746E95772918AA8400C48EC0 /* Main.storyboard */ = {
			isa = PBXVariantGroup;
			children = (
				746E95782918AA8400C48EC0 /* Base */,
			);
			name = Main.storyboard;
			sourceTree = "<group>";
		};
		746E957C2918AA8600C48EC0 /* LaunchScreen.storyboard */ = {
			isa = PBXVariantGroup;
			children = (
				746E957D2918AA8600C48EC0 /* Base */,
			);
			name = LaunchScreen.storyboard;
			sourceTree = "<group>";
		};
/* End PBXVariantGroup section */

/* Begin XCBuildConfiguration section */
		746E95802918AA8600C48EC0 /* Debug */ = {
			isa = XCBuildConfiguration;
			buildSettings = {
				ALWAYS_SEARCH_USER_PATHS = NO;
				CLANG_ANALYZER_NONNULL = YES;
				CLANG_ANALYZER_NUMBER_OBJECT_CONVERSION = YES_AGGRESSIVE;
				CLANG_CXX_LANGUAGE_STANDARD = "gnu++17";
				CLANG_ENABLE_MODULES = YES;
				CLANG_ENABLE_OBJC_ARC = YES;
				CLANG_ENABLE_OBJC_WEAK = YES;
				CLANG_WARN_BLOCK_CAPTURE_AUTORELEASING = YES;
				CLANG_WARN_BOOL_CONVERSION = YES;
				CLANG_WARN_COMMA = YES;
				CLANG_WARN_CONSTANT_CONVERSION = YES;
				CLANG_WARN_DEPRECATED_OBJC_IMPLEMENTATIONS = YES;
				CLANG_WARN_DIRECT_OBJC_ISA_USAGE = YES_ERROR;
				CLANG_WARN_DOCUMENTATION_COMMENTS = YES;
				CLANG_WARN_EMPTY_BODY = YES;
				CLANG_WARN_ENUM_CONVERSION = YES;
				CLANG_WARN_INFINITE_RECURSION = YES;
				CLANG_WARN_INT_CONVERSION = YES;
				CLANG_WARN_NON_LITERAL_NULL_CONVERSION = YES;
				CLANG_WARN_OBJC_IMPLICIT_RETAIN_SELF = YES;
				CLANG_WARN_OBJC_LITERAL_CONVERSION = YES;
				CLANG_WARN_OBJC_ROOT_CLASS = YES_ERROR;
				CLANG_WARN_QUOTED_INCLUDE_IN_FRAMEWORK_HEADER = YES;
				CLANG_WARN_RANGE_LOOP_ANALYSIS = YES;
				CLANG_WARN_STRICT_PROTOTYPES = YES;
				CLANG_WARN_SUSPICIOUS_MOVE = YES;
				CLANG_WARN_UNGUARDED_AVAILABILITY = YES_AGGRESSIVE;
				CLANG_WARN_UNREACHABLE_CODE = YES;
				CLANG_WARN__DUPLICATE_METHOD_MATCH = YES;
				COPY_PHASE_STRIP = NO;
				DEBUG_INFORMATION_FORMAT = dwarf;
				ENABLE_STRICT_OBJC_MSGSEND = YES;
				ENABLE_TESTABILITY = YES;
				GCC_C_LANGUAGE_STANDARD = gnu11;
				GCC_DYNAMIC_NO_PIC = NO;
				GCC_NO_COMMON_BLOCKS = YES;
				GCC_OPTIMIZATION_LEVEL = 0;
				GCC_PREPROCESSOR_DEFINITIONS = (
					"DEBUG=1",
					"$(inherited)",
				);
				GCC_WARN_64_TO_32_BIT_CONVERSION = YES;
				GCC_WARN_ABOUT_RETURN_TYPE = YES_ERROR;
				GCC_WARN_UNDECLARED_SELECTOR = YES;
				GCC_WARN_UNINITIALIZED_AUTOS = YES_AGGRESSIVE;
				GCC_WARN_UNUSED_FUNCTION = YES;
				GCC_WARN_UNUSED_VARIABLE = YES;
				IPHONEOS_DEPLOYMENT_TARGET = 15.5;
				MTL_ENABLE_DEBUG_INFO = INCLUDE_SOURCE;
				MTL_FAST_MATH = YES;
				ONLY_ACTIVE_ARCH = YES;
				SDKROOT = iphoneos;
				SWIFT_ACTIVE_COMPILATION_CONDITIONS = DEBUG;
				SWIFT_OPTIMIZATION_LEVEL = "-Onone";
			};
			name = Debug;
		};
		746E95812918AA8600C48EC0 /* Release */ = {
			isa = XCBuildConfiguration;
			buildSettings = {
				ALWAYS_SEARCH_USER_PATHS = NO;
				CLANG_ANALYZER_NONNULL = YES;
				CLANG_ANALYZER_NUMBER_OBJECT_CONVERSION = YES_AGGRESSIVE;
				CLANG_CXX_LANGUAGE_STANDARD = "gnu++17";
				CLANG_ENABLE_MODULES = YES;
				CLANG_ENABLE_OBJC_ARC = YES;
				CLANG_ENABLE_OBJC_WEAK = YES;
				CLANG_WARN_BLOCK_CAPTURE_AUTORELEASING = YES;
				CLANG_WARN_BOOL_CONVERSION = YES;
				CLANG_WARN_COMMA = YES;
				CLANG_WARN_CONSTANT_CONVERSION = YES;
				CLANG_WARN_DEPRECATED_OBJC_IMPLEMENTATIONS = YES;
				CLANG_WARN_DIRECT_OBJC_ISA_USAGE = YES_ERROR;
				CLANG_WARN_DOCUMENTATION_COMMENTS = YES;
				CLANG_WARN_EMPTY_BODY = YES;
				CLANG_WARN_ENUM_CONVERSION = YES;
				CLANG_WARN_INFINITE_RECURSION = YES;
				CLANG_WARN_INT_CONVERSION = YES;
				CLANG_WARN_NON_LITERAL_NULL_CONVERSION = YES;
				CLANG_WARN_OBJC_IMPLICIT_RETAIN_SELF = YES;
				CLANG_WARN_OBJC_LITERAL_CONVERSION = YES;
				CLANG_WARN_OBJC_ROOT_CLASS = YES_ERROR;
				CLANG_WARN_QUOTED_INCLUDE_IN_FRAMEWORK_HEADER = YES;
				CLANG_WARN_RANGE_LOOP_ANALYSIS = YES;
				CLANG_WARN_STRICT_PROTOTYPES = YES;
				CLANG_WARN_SUSPICIOUS_MOVE = YES;
				CLANG_WARN_UNGUARDED_AVAILABILITY = YES_AGGRESSIVE;
				CLANG_WARN_UNREACHABLE_CODE = YES;
				CLANG_WARN__DUPLICATE_METHOD_MATCH = YES;
				COPY_PHASE_STRIP = NO;
				DEBUG_INFORMATION_FORMAT = "dwarf-with-dsym";
				ENABLE_NS_ASSERTIONS = NO;
				ENABLE_STRICT_OBJC_MSGSEND = YES;
				GCC_C_LANGUAGE_STANDARD = gnu11;
				GCC_NO_COMMON_BLOCKS = YES;
				GCC_WARN_64_TO_32_BIT_CONVERSION = YES;
				GCC_WARN_ABOUT_RETURN_TYPE = YES_ERROR;
				GCC_WARN_UNDECLARED_SELECTOR = YES;
				GCC_WARN_UNINITIALIZED_AUTOS = YES_AGGRESSIVE;
				GCC_WARN_UNUSED_FUNCTION = YES;
				GCC_WARN_UNUSED_VARIABLE = YES;
				IPHONEOS_DEPLOYMENT_TARGET = 15.5;
				MTL_ENABLE_DEBUG_INFO = NO;
				MTL_FAST_MATH = YES;
				SDKROOT = iphoneos;
				SWIFT_COMPILATION_MODE = wholemodule;
				SWIFT_OPTIMIZATION_LEVEL = "-O";
				VALIDATE_PRODUCT = YES;
			};
			name = Release;
		};
		746E95832918AA8600C48EC0 /* Debug */ = {
			isa = XCBuildConfiguration;
			buildSettings = {
				ASSETCATALOG_COMPILER_APPICON_NAME = AppIcon;
				ASSETCATALOG_COMPILER_GLOBAL_ACCENT_COLOR_NAME = AccentColor;
				CODE_SIGN_STYLE = Automatic;
				CURRENT_PROJECT_VERSION = 1;
				DEVELOPMENT_TEAM = WYMZZ4Z5Z5;
				GENERATE_INFOPLIST_FILE = YES;
				INFOPLIST_FILE = "Sign-Language-Note/Info.plist";
				INFOPLIST_KEY_CFBundleDisplayName = "수어노트";
				INFOPLIST_KEY_NSCameraUsageDescription = "손 동작 인식을 위한 카메라 접근을 허용하시겠습니까?";
				INFOPLIST_KEY_UIApplicationSupportsIndirectInputEvents = YES;
				INFOPLIST_KEY_UILaunchStoryboardName = LaunchScreen;
				INFOPLIST_KEY_UIMainStoryboardFile = Main;
				INFOPLIST_KEY_UISupportedInterfaceOrientations_iPad = "UIInterfaceOrientationPortrait UIInterfaceOrientationPortraitUpsideDown UIInterfaceOrientationLandscapeLeft UIInterfaceOrientationLandscapeRight";
				INFOPLIST_KEY_UISupportedInterfaceOrientations_iPhone = "UIInterfaceOrientationPortrait UIInterfaceOrientationLandscapeLeft UIInterfaceOrientationLandscapeRight";
				IPHONEOS_DEPLOYMENT_TARGET = 14.0;
				LD_RUNPATH_SEARCH_PATHS = (
					"$(inherited)",
					"@executable_path/Frameworks",
				);
				MARKETING_VERSION = 1.0;
				PRODUCT_BUNDLE_IDENTIFIER = "com.hongseeun.Sign-Language-Note";
				PRODUCT_NAME = "$(TARGET_NAME)";
				SUPPORTED_PLATFORMS = "iphoneos iphonesimulator";
				SUPPORTS_MACCATALYST = NO;
				SUPPORTS_MAC_DESIGNED_FOR_IPHONE_IPAD = NO;
				SWIFT_EMIT_LOC_STRINGS = YES;
				SWIFT_VERSION = 5.0;
				TARGETED_DEVICE_FAMILY = "1,2";
			};
			name = Debug;
		};
		746E95842918AA8600C48EC0 /* Release */ = {
			isa = XCBuildConfiguration;
			buildSettings = {
				ASSETCATALOG_COMPILER_APPICON_NAME = AppIcon;
				ASSETCATALOG_COMPILER_GLOBAL_ACCENT_COLOR_NAME = AccentColor;
				CODE_SIGN_STYLE = Automatic;
				CURRENT_PROJECT_VERSION = 1;
				DEVELOPMENT_TEAM = WYMZZ4Z5Z5;
				GENERATE_INFOPLIST_FILE = YES;
				INFOPLIST_FILE = "Sign-Language-Note/Info.plist";
				INFOPLIST_KEY_CFBundleDisplayName = "수어노트";
				INFOPLIST_KEY_NSCameraUsageDescription = "손 동작 인식을 위한 카메라 접근을 허용하시겠습니까?";
				INFOPLIST_KEY_UIApplicationSupportsIndirectInputEvents = YES;
				INFOPLIST_KEY_UILaunchStoryboardName = LaunchScreen;
				INFOPLIST_KEY_UIMainStoryboardFile = Main;
				INFOPLIST_KEY_UISupportedInterfaceOrientations_iPad = "UIInterfaceOrientationPortrait UIInterfaceOrientationPortraitUpsideDown UIInterfaceOrientationLandscapeLeft UIInterfaceOrientationLandscapeRight";
				INFOPLIST_KEY_UISupportedInterfaceOrientations_iPhone = "UIInterfaceOrientationPortrait UIInterfaceOrientationLandscapeLeft UIInterfaceOrientationLandscapeRight";
				IPHONEOS_DEPLOYMENT_TARGET = 14.0;
				LD_RUNPATH_SEARCH_PATHS = (
					"$(inherited)",
					"@executable_path/Frameworks",
				);
				MARKETING_VERSION = 1.0;
				PRODUCT_BUNDLE_IDENTIFIER = "com.hongseeun.Sign-Language-Note";
				PRODUCT_NAME = "$(TARGET_NAME)";
				SUPPORTED_PLATFORMS = "iphoneos iphonesimulator";
				SUPPORTS_MACCATALYST = NO;
				SUPPORTS_MAC_DESIGNED_FOR_IPHONE_IPAD = NO;
				SWIFT_EMIT_LOC_STRINGS = YES;
				SWIFT_VERSION = 5.0;
				TARGETED_DEVICE_FAMILY = "1,2";
			};
			name = Release;
		};
/* End XCBuildConfiguration section */

/* Begin XCConfigurationList section */
		746E95692918AA8400C48EC0 /* Build configuration list for PBXProject "Sign-Language-Note" */ = {
			isa = XCConfigurationList;
			buildConfigurations = (
				746E95802918AA8600C48EC0 /* Debug */,
				746E95812918AA8600C48EC0 /* Release */,
			);
			defaultConfigurationIsVisible = 0;
			defaultConfigurationName = Release;
		};
		746E95822918AA8600C48EC0 /* Build configuration list for PBXNativeTarget "Sign-Language-Note" */ = {
			isa = XCConfigurationList;
			buildConfigurations = (
				746E95832918AA8600C48EC0 /* Debug */,
				746E95842918AA8600C48EC0 /* Release */,
			);
			defaultConfigurationIsVisible = 0;
			defaultConfigurationName = Release;
		};
/* End XCConfigurationList section */
	};
	rootObject = 746E95662918AA8400C48EC0 /* Project object */;
}
